
Microsoft Visual Studio Solution File, Format Version 12.00
# Visual Studio Version 17
VisualStudioVersion = 17.14.36327.8 d17.14
MinimumVisualStudioVersion = 10.0.40219.1
Project("{FAE04EC0-301F-11D3-BF4B-00C04F79EFBC}") = "CarInsuranceApproval", "CarInsuranceApproval\CarInsuranceApproval.csproj", "{A11F54BC-3B7E-4136-8B37-45E893949AEA}"
EndProject
Global
	GlobalSection(SolutionConfigurationPlatforms) = preSolution
		Debug|Any CPU = Debug|Any CPU
		Release|Any CPU = Release|Any CPU
	EndGlobalSection
	GlobalSection(ProjectConfigurationPlatforms) = postSolution
		{A11F54BC-3B7E-4136-8B37-45E893949AEA}.Debug|Any CPU.ActiveCfg = Debug|Any CPU
		{A11F54BC-3B7E-4136-8B37-45E893949AEA}.Debug|Any CPU.Build.0 = Debug|Any CPU
		{A11F54BC-3B7E-4136-8B37-45E893949AEA}.Release|Any CPU.ActiveCfg = Release|Any CPU
		{A11F54BC-3B7E-4136-8B37-45E893949AEA}.Release|Any CPU.Build.0 = Release|Any CPU
	EndGlobalSection
	GlobalSection(SolutionProperties) = preSolution
		HideSolutionNode = FALSE
	EndGlobalSection
	GlobalSection(ExtensibilityGlobals) = postSolution
		SolutionGuid = {FB8ADF61-03EA-4E5E-BBEB-814ADBD7BC5F}
	EndGlobalSection
EndGlobal
